// !$*UTF8*$!
{
	archiveVersion = 1;
	classes = {
	};
	objectVersion = 46;
	objects = {

/* Begin PBXBuildFile section */
		9CB267A91D60DD3E005B56E1 /* AppDelegate.swift in Sources */ = {isa = PBXBuildFile; fileRef = 9CB267A81D60DD3E005B56E1 /* AppDelegate.swift */; };
		9CB267AB1D60DD3E005B56E1 /* ViewController.swift in Sources */ = {isa = PBXBuildFile; fileRef = 9CB267AA1D60DD3E005B56E1 /* ViewController.swift */; };
		9CB267AE1D60DD3E005B56E1 /* Main.storyboard in Resources */ = {isa = PBXBuildFile; fileRef = 9CB267AC1D60DD3E005B56E1 /* Main.storyboard */; };
		9CB267B01D60DD3F005B56E1 /* Assets.xcassets in Resources */ = {isa = PBXBuildFile; fileRef = 9CB267AF1D60DD3F005B56E1 /* Assets.xcassets */; };
		9CB267B31D60DD3F005B56E1 /* LaunchScreen.storyboard in Resources */ = {isa = PBXBuildFile; fileRef = 9CB267B11D60DD3F005B56E1 /* LaunchScreen.storyboard */; };
		9CB267BE1D60DD3F005B56E1 /* AutoLayoutTableViewTestTests.swift in Sources */ = {isa = PBXBuildFile; fileRef = 9CB267BD1D60DD3F005B56E1 /* AutoLayoutTableViewTestTests.swift */; };
		9CB267C91D60DD3F005B56E1 /* AutoLayoutTableViewTestUITests.swift in Sources */ = {isa = PBXBuildFile; fileRef = 9CB267C81D60DD3F005B56E1 /* AutoLayoutTableViewTestUITests.swift */; };
/* End PBXBuildFile section */

/* Begin PBXContainerItemProxy section */
		9CB267BA1D60DD3F005B56E1 /* PBXContainerItemProxy */ = {
			isa = PBXContainerItemProxy;
			containerPortal = 9CB2679D1D60DD3D005B56E1 /* Project object */;
			proxyType = 1;
			remoteGlobalIDString = 9CB267A41D60DD3D005B56E1;
			remoteInfo = AutoLayoutTableViewTest;
		};
		9CB267C51D60DD3F005B56E1 /* PBXContainerItemProxy */ = {
			isa = PBXContainerItemProxy;
			containerPortal = 9CB2679D1D60DD3D005B56E1 /* Project object */;
			proxyType = 1;
			remoteGlobalIDString = 9CB267A41D60DD3D005B56E1;
			remoteInfo = AutoLayoutTableViewTest;
		};
/* End PBXContainerItemProxy section */

/* Begin PBXFileReference section */
		9CB267A51D60DD3D005B56E1 /* AutoLayoutTableViewTest.app */ = {isa = PBXFileReference; explicitFileType = wrapper.application; includeInIndex = 0; path = AutoLayoutTableViewTest.app; sourceTree = BUILT_PRODUCTS_DIR; };
		9CB267A81D60DD3E005B56E1 /* AppDelegate.swift */ = {isa = PBXFileReference; lastKnownFileType = sourcecode.swift; path = AppDelegate.swift; sourceTree = "<group>"; };
		9CB267AA1D60DD3E005B56E1 /* ViewController.swift */ = {isa = PBXFileReference; lastKnownFileType = sourcecode.swift; path = ViewController.swift; sourceTree = "<group>"; };
		9CB267AD1D60DD3E005B56E1 /* Base */ = {isa = PBXFileReference; lastKnownFileType = file.storyboard; name = Base; path = Base.lproj/Main.storyboard; sourceTree = "<group>"; };
		9CB267AF1D60DD3F005B56E1 /* Assets.xcassets */ = {isa = PBXFileReference; lastKnownFileType = folder.assetcatalog; path = Assets.xcassets; sourceTree = "<group>"; };
		9CB267B21D60DD3F005B56E1 /* Base */ = {isa = PBXFileReference; lastKnownFileType = file.storyboard; name = Base; path = Base.lproj/LaunchScreen.storyboard; sourceTree = "<group>"; };
		9CB267B41D60DD3F005B56E1 /* Info.plist */ = {isa = PBXFileReference; lastKnownFileType = text.plist.xml; path = Info.plist; sourceTree = "<group>"; };
		9CB267B91D60DD3F005B56E1 /* AutoLayoutTableViewTestTests.xctest */ = {isa = PBXFileReference; explicitFileType = wrapper.cfbundle; includeInIndex = 0; path = AutoLayoutTableViewTestTests.xctest; sourceTree = BUILT_PRODUCTS_DIR; };
		9CB267BD1D60DD3F005B56E1 /* AutoLayoutTableViewTestTests.swift */ = {isa = PBXFileReference; lastKnownFileType = sourcecode.swift; path = AutoLayoutTableViewTestTests.swift; sourceTree = "<group>"; };
		9CB267BF1D60DD3F005B56E1 /* Info.plist */ = {isa = PBXFileReference; lastKnownFileType = text.plist.xml; path = Info.plist; sourceTree = "<group>"; };
		9CB267C41D60DD3F005B56E1 /* AutoLayoutTableViewTestUITests.xctest */ = {isa = PBXFileReference; explicitFileType = wrapper.cfbundle; includeInIndex = 0; path = AutoLayoutTableViewTestUITests.xctest; sourceTree = BUILT_PRODUCTS_DIR; };
		9CB267C81D60DD3F005B56E1 /* AutoLayoutTableViewTestUITests.swift */ = {isa = PBXFileReference; lastKnownFileType = sourcecode.swift; path = AutoLayoutTableViewTestUITests.swift; sourceTree = "<group>"; };
		9CB267CA1D60DD3F005B56E1 /* Info.plist */ = {isa = PBXFileReference; lastKnownFileType = text.plist.xml; path = Info.plist; sourceTree = "<group>"; };
/* End PBXFileReference section */

/* Begin PBXFrameworksBuildPhase section */
		9CB267A21D60DD3D005B56E1 /* Frameworks */ = {
			isa = PBXFrameworksBuildPhase;
			buildActionMask = 2147483647;
			files = (
			);
			runOnlyForDeploymentPostprocessing = 0;
		};
		9CB267B61D60DD3F005B56E1 /* Frameworks */ = {
			isa = PBXFrameworksBuildPhase;
			buildActionMask = 2147483647;
			files = (
			);
			runOnlyForDeploymentPostprocessing = 0;
		};
		9CB267C11D60DD3F005B56E1 /* Frameworks */ = {
			isa = PBXFrameworksBuildPhase;
			buildActionMask = 2147483647;
			files = (
			);
			runOnlyForDeploymentPostprocessing = 0;
		};
/* End PBXFrameworksBuildPhase section */

/* Begin PBXGroup section */
		9CB2679C1D60DD3D005B56E1 = {
			isa = PBXGroup;
			children = (
				9CB267A71D60DD3E005B56E1 /* AutoLayoutTableViewTest */,
				9CB267BC1D60DD3F005B56E1 /* AutoLayoutTableViewTestTests */,
				9CB267C71D60DD3F005B56E1 /* AutoLayoutTableViewTestUITests */,
				9CB267A61D60DD3D005B56E1 /* Products */,
			);
			sourceTree = "<group>";
		};
		9CB267A61D60DD3D005B56E1 /* Products */ = {
			isa = PBXGroup;
			children = (
				9CB267A51D60DD3D005B56E1 /* AutoLayoutTableViewTest.app */,
				9CB267B91D60DD3F005B56E1 /* AutoLayoutTableViewTestTests.xctest */,
				9CB267C41D60DD3F005B56E1 /* AutoLayoutTableViewTestUITests.xctest */,
			);
			name = Products;
			sourceTree = "<group>";
		};
		9CB267A71D60DD3E005B56E1 /* AutoLayoutTableViewTest */ = {
			isa = PBXGroup;
			children = (
				9CB267A81D60DD3E005B56E1 /* AppDelegate.swift */,
				9CB267AA1D60DD3E005B56E1 /* ViewController.swift */,
				9CB267AC1D60DD3E005B56E1 /* Main.storyboard */,
				9CB267AF1D60DD3F005B56E1 /* Assets.xcassets */,
				9CB267B11D60DD3F005B56E1 /* LaunchScreen.storyboard */,
				9CB267B41D60DD3F005B56E1 /* Info.plist */,
			);
			path = AutoLayoutTableViewTest;
			sourceTree = "<group>";
		};
		9CB267BC1D60DD3F005B56E1 /* AutoLayoutTableViewTestTests */ = {
			isa = PBXGroup;
			children = (
				9CB267BD1D60DD3F005B56E1 /* AutoLayoutTableViewTestTests.swift */,
				9CB267BF1D60DD3F005B56E1 /* Info.plist */,
			);
			path = AutoLayoutTableViewTestTests;
			sourceTree = "<group>";
		};
		9CB267C71D60DD3F005B56E1 /* AutoLayoutTableViewTestUITests */ = {
			isa = PBXGroup;
			children = (
				9CB267C81D60DD3F005B56E1 /* AutoLayoutTableViewTestUITests.swift */,
				9CB267CA1D60DD3F005B56E1 /* Info.plist */,
			);
			path = AutoLayoutTableViewTestUITests;
			sourceTree = "<group>";
		};
/* End PBXGroup section */

/* Begin PBXNativeTarget section */
		9CB267A41D60DD3D005B56E1 /* AutoLayoutTableViewTest */ = {
			isa = PBXNativeTarget;
			buildConfigurationList = 9CB267CD1D60DD3F005B56E1 /* Build configuration list for PBXNativeTarget "AutoLayoutTableViewTest" */;
			buildPhases = (
				9CB267A11D60DD3D005B56E1 /* Sources */,
				9CB267A21D60DD3D005B56E1 /* Frameworks */,
				9CB267A31D60DD3D005B56E1 /* Resources */,
			);
			buildRules = (
			);
			dependencies = (
			);
			name = AutoLayoutTableViewTest;
			productName = AutoLayoutTableViewTest;
			productReference = 9CB267A51D60DD3D005B56E1 /* AutoLayoutTableViewTest.app */;
			productType = "com.apple.product-type.application";
		};
		9CB267B81D60DD3F005B56E1 /* AutoLayoutTableViewTestTests */ = {
			isa = PBXNativeTarget;
			buildConfigurationList = 9CB267D01D60DD3F005B56E1 /* Build configuration list for PBXNativeTarget "AutoLayoutTableViewTestTests" */;
			buildPhases = (
				9CB267B51D60DD3F005B56E1 /* Sources */,
				9CB267B61D60DD3F005B56E1 /* Frameworks */,
				9CB267B71D60DD3F005B56E1 /* Resources */,
			);
			buildRules = (
			);
			dependencies = (
				9CB267BB1D60DD3F005B56E1 /* PBXTargetDependency */,
			);
			name = AutoLayoutTableViewTestTests;
			productName = AutoLayoutTableViewTestTests;
			productReference = 9CB267B91D60DD3F005B56E1 /* AutoLayoutTableViewTestTests.xctest */;
			productType = "com.apple.product-type.bundle.unit-test";
		};
		9CB267C31D60DD3F005B56E1 /* AutoLayoutTableViewTestUITests */ = {
			isa = PBXNativeTarget;
			buildConfigurationList = 9CB267D31D60DD3F005B56E1 /* Build configuration list for PBXNativeTarget "AutoLayoutTableViewTestUITests" */;
			buildPhases = (
				9CB267C01D60DD3F005B56E1 /* Sources */,
				9CB267C11D60DD3F005B56E1 /* Frameworks */,
				9CB267C21D60DD3F005B56E1 /* Resources */,
			);
			buildRules = (
			);
			dependencies = (
				9CB267C61D60DD3F005B56E1 /* PBXTargetDependency */,
			);
			name = AutoLayoutTableViewTestUITests;
			productName = AutoLayoutTableViewTestUITests;
			productReference = 9CB267C41D60DD3F005B56E1 /* AutoLayoutTableViewTestUITests.xctest */;
			productType = "com.apple.product-type.bundle.ui-testing";
		};
/* End PBXNativeTarget section */

/* Begin PBXProject section */
		9CB2679D1D60DD3D005B56E1 /* Project object */ = {
			isa = PBXProject;
			attributes = {
				LastSwiftUpdateCheck = 0730;
				LastUpgradeCheck = 0730;
				ORGANIZATIONNAME = "Marcelo Luis dos Santos";
				TargetAttributes = {
					9CB267A41D60DD3D005B56E1 = {
						CreatedOnToolsVersion = 7.3.1;
					};
					9CB267B81D60DD3F005B56E1 = {
						CreatedOnToolsVersion = 7.3.1;
						TestTargetID = 9CB267A41D60DD3D005B56E1;
					};
					9CB267C31D60DD3F005B56E1 = {
						CreatedOnToolsVersion = 7.3.1;
						TestTargetID = 9CB267A41D60DD3D005B56E1;
					};
				};
			};
			buildConfigurationList = 9CB267A01D60DD3D005B56E1 /* Build configuration list for PBXProject "AutoLayoutTableViewTest" */;
			compatibilityVersion = "Xcode 3.2";
			developmentRegion = English;
			hasScannedForEncodings = 0;
			knownRegions = (
				en,
				Base,
			);
			mainGroup = 9CB2679C1D60DD3D005B56E1;
			productRefGroup = 9CB267A61D60DD3D005B56E1 /* Products */;
			projectDirPath = "";
			projectRoot = "";
			targets = (
				9CB267A41D60DD3D005B56E1 /* AutoLayoutTableViewTest */,
				9CB267B81D60DD3F005B56E1 /* AutoLayoutTableViewTestTests */,
				9CB267C31D60DD3F005B56E1 /* AutoLayoutTableViewTestUITests */,
			);
		};
/* End PBXProject section */

/* Begin PBXResourcesBuildPhase section */
		9CB267A31D60DD3D005B56E1 /* Resources */ = {
			isa = PBXResourcesBuildPhase;
			buildActionMask = 2147483647;
			files = (
				9CB267B31D60DD3F005B56E1 /* LaunchScreen.storyboard in Resources */,
				9CB267B01D60DD3F005B56E1 /* Assets.xcassets in Resources */,
				9CB267AE1D60DD3E005B56E1 /* Main.storyboard in Resources */,
			);
			runOnlyForDeploymentPostprocessing = 0;
		};
		9CB267B71D60DD3F005B56E1 /* Resources */ = {
			isa = PBXResourcesBuildPhase;
			buildActionMask = 2147483647;
			files = (
			);
			runOnlyForDeploymentPostprocessing = 0;
		};
		9CB267C21D60DD3F005B56E1 /* Resources */ = {
			isa = PBXResourcesBuildPhase;
			buildActionMask = 2147483647;
			files = (
			);
			runOnlyForDeploymentPostprocessing = 0;
		};
/* End PBXResourcesBuildPhase section */

/* Begin PBXSourcesBuildPhase section */
		9CB267A11D60DD3D005B56E1 /* Sources */ = {
			isa = PBXSourcesBuildPhase;
			buildActionMask = 2147483647;
			files = (
				9CB267AB1D60DD3E005B56E1 /* ViewController.swift in Sources */,
				9CB267A91D60DD3E005B56E1 /* AppDelegate.swift in Sources */,
			);
			runOnlyForDeploymentPostprocessing = 0;
		};
		9CB267B51D60DD3F005B56E1 /* Sources */ = {
			isa = PBXSourcesBuildPhase;
			buildActionMask = 2147483647;
			files = (
				9CB267BE1D60DD3F005B56E1 /* AutoLayoutTableViewTestTests.swift in Sources */,
			);
			runOnlyForDeploymentPostprocessing = 0;
		};
		9CB267C01D60DD3F005B56E1 /* Sources */ = {
			isa = PBXSourcesBuildPhase;
			buildActionMask = 2147483647;
			files = (
				9CB267C91D60DD3F005B56E1 /* AutoLayoutTableViewTestUITests.swift in Sources */,
			);
			runOnlyForDeploymentPostprocessing = 0;
		};
/* End PBXSourcesBuildPhase section */

/* Begin PBXTargetDependency section */
		9CB267BB1D60DD3F005B56E1 /* PBXTargetDependency */ = {
			isa = PBXTargetDependency;
			target = 9CB267A41D60DD3D005B56E1 /* AutoLayoutTableViewTest */;
			targetProxy = 9CB267BA1D60DD3F005B56E1 /* PBXContainerItemProxy */;
		};
		9CB267C61D60DD3F005B56E1 /* PBXTargetDependency */ = {
			isa = PBXTargetDependency;
			target = 9CB267A41D60DD3D005B56E1 /* AutoLayoutTableViewTest */;
			targetProxy = 9CB267C51D60DD3F005B56E1 /* PBXContainerItemProxy */;
		};
/* End PBXTargetDependency section */

/* Begin PBXVariantGroup section */
		9CB267AC1D60DD3E005B56E1 /* Main.storyboard */ = {
			isa = PBXVariantGroup;
			children = (
				9CB267AD1D60DD3E005B56E1 /* Base */,
			);
			name = Main.storyboard;
			sourceTree = "<group>";
		};
		9CB267B11D60DD3F005B56E1 /* LaunchScreen.storyboard */ = {
			isa = PBXVariantGroup;
			children = (
				9CB267B21D60DD3F005B56E1 /* Base */,
			);
			name = LaunchScreen.storyboard;
			sourceTree = "<group>";
		};
/* End PBXVariantGroup section */

/* Begin XCBuildConfiguration section */
		9CB267CB1D60DD3F005B56E1 /* Debug */ = {
			isa = XCBuildConfiguration;
			buildSettings = {
				ALWAYS_SEARCH_USER_PATHS = NO;
				CLANG_ANALYZER_NONNULL = YES;
				CLANG_CXX_LANGUAGE_STANDARD = "gnu++0x";
				CLANG_CXX_LIBRARY = "libc++";
				CLANG_ENABLE_MODULES = YES;
				CLANG_ENABLE_OBJC_ARC = YES;
				CLANG_WARN_BOOL_CONVERSION = YES;
				CLANG_WARN_CONSTANT_CONVERSION = YES;
				CLANG_WARN_DIRECT_OBJC_ISA_USAGE = YES_ERROR;
				CLANG_WARN_EMPTY_BODY = YES;
				CLANG_WARN_ENUM_CONVERSION = YES;
				CLANG_WARN_INT_CONVERSION = YES;
				CLANG_WARN_OBJC_ROOT_CLASS = YES_ERROR;
				CLANG_WARN_UNREACHABLE_CODE = YES;
				CLANG_WARN__DUPLICATE_METHOD_MATCH = YES;
				"CODE_SIGN_IDENTITY[sdk=iphoneos*]" = "iPhone Developer";
				COPY_PHASE_STRIP = NO;
				DEBUG_INFORMATION_FORMAT = dwarf;
				ENABLE_STRICT_OBJC_MSGSEND = YES;
				ENABLE_TESTABILITY = YES;
				GCC_C_LANGUAGE_STANDARD = gnu99;
				GCC_DYNAMIC_NO_PIC = NO;
				GCC_NO_COMMON_BLOCKS = YES;
				GCC_OPTIMIZATION_LEVEL = 0;
				GCC_PREPROCESSOR_DEFINITIONS = (
					"DEBUG=1",
					"$(inherited)",
				);
				GCC_WARN_64_TO_32_BIT_CONVERSION = YES;
				GCC_WARN_ABOUT_RETURN_TYPE = YES_ERROR;
				GCC_WARN_UNDECLARED_SELECTOR = YES;
				GCC_WARN_UNINITIALIZED_AUTOS = YES_AGGRESSIVE;
				GCC_WARN_UNUSED_FUNCTION = YES;
				GCC_WARN_UNUSED_VARIABLE = YES;
				IPHONEOS_DEPLOYMENT_TARGET = 9.3;
				MTL_ENABLE_DEBUG_INFO = YES;
				ONLY_ACTIVE_ARCH = YES;
				SDKROOT = iphoneos;
				SWIFT_OPTIMIZATION_LEVEL = "-Onone";
			};
			name = Debug;
		};
		9CB267CC1D60DD3F005B56E1 /* Release */ = {
			isa = XCBuildConfiguration;
			buildSettings = {
				ALWAYS_SEARCH_USER_PATHS = NO;
				CLANG_ANALYZER_NONNULL = YES;
				CLANG_CXX_LANGUAGE_STANDARD = "gnu++0x";
				CLANG_CXX_LIBRARY = "libc++";
				CLANG_ENABLE_MODULES = YES;
				CLANG_ENABLE_OBJC_ARC = YES;
				CLANG_WARN_BOOL_CONVERSION = YES;
				CLANG_WARN_CONSTANT_CONVERSION = YES;
				CLANG_WARN_DIRECT_OBJC_ISA_USAGE = YES_ERROR;
				CLANG_WARN_EMPTY_BODY = YES;
				CLANG_WARN_ENUM_CONVERSION = YES;
				CLANG_WARN_INT_CONVERSION = YES;
				CLANG_WARN_OBJC_ROOT_CLASS = YES_ERROR;
				CLANG_WARN_UNREACHABLE_CODE = YES;
				CLANG_WARN__DUPLICATE_METHOD_MATCH = YES;
				"CODE_SIGN_IDENTITY[sdk=iphoneos*]" = "iPhone Developer";
				COPY_PHASE_STRIP = NO;
				DEBUG_INFORMATION_FORMAT = "dwarf-with-dsym";
				ENABLE_NS_ASSERTIONS = NO;
				ENABLE_STRICT_OBJC_MSGSEND = YES;
				GCC_C_LANGUAGE_STANDARD = gnu99;
				GCC_NO_COMMON_BLOCKS = YES;
				GCC_WARN_64_TO_32_BIT_CONVERSION = YES;
				GCC_WARN_ABOUT_RETURN_TYPE = YES_ERROR;
				GCC_WARN_UNDECLARED_SELECTOR = YES;
				GCC_WARN_UNINITIALIZED_AUTOS = YES_AGGRESSIVE;
				GCC_WARN_UNUSED_FUNCTION = YES;
				GCC_WARN_UNUSED_VARIABLE = YES;
				IPHONEOS_DEPLOYMENT_TARGET = 9.3;
				MTL_ENABLE_DEBUG_INFO = NO;
				SDKROOT = iphoneos;
				VALIDATE_PRODUCT = YES;
			};
			name = Release;
		};
		9CB267CE1D60DD3F005B56E1 /* Debug */ = {
			isa = XCBuildConfiguration;
			buildSettings = {
				ASSETCATALOG_COMPILER_APPICON_NAME = AppIcon;
				INFOPLIST_FILE = AutoLayoutTableViewTest/Info.plist;
				LD_RUNPATH_SEARCH_PATHS = "$(inherited) @executable_path/Frameworks";
				PRODUCT_BUNDLE_IDENTIFIER = marcelosantos.AutoLayoutTableViewTest;
				PRODUCT_NAME = "$(TARGET_NAME)";
			};
			name = Debug;
		};
		9CB267CF1D60DD3F005B56E1 /* Release */ = {
			isa = XCBuildConfiguration;
			buildSettings = {
				ASSETCATALOG_COMPILER_APPICON_NAME = AppIcon;
				INFOPLIST_FILE = AutoLayoutTableViewTest/Info.plist;
				LD_RUNPATH_SEARCH_PATHS = "$(inherited) @executable_path/Frameworks";
				PRODUCT_BUNDLE_IDENTIFIER = marcelosantos.AutoLayoutTableViewTest;
				PRODUCT_NAME = "$(TARGET_NAME)";
			};
			name = Release;
		};
		9CB267D11D60DD3F005B56E1 /* Debug */ = {
			isa = XCBuildConfiguration;
			buildSettings = {
				BUNDLE_LOADER = "$(TEST_HOST)";
				INFOPLIST_FILE = AutoLayoutTableViewTestTests/Info.plist;
				LD_RUNPATH_SEARCH_PATHS = "$(inherited) @executable_path/Frameworks @loader_path/Frameworks";
				PRODUCT_BUNDLE_IDENTIFIER = marcelosantos.AutoLayoutTableViewTestTests;
				PRODUCT_NAME = "$(TARGET_NAME)";
				TEST_HOST = "$(BUILT_PRODUCTS_DIR)/AutoLayoutTableViewTest.app/AutoLayoutTableViewTest";
			};
			name = Debug;
		};
		9CB267D21D60DD3F005B56E1 /* Release */ = {
			isa = XCBuildConfiguration;
			buildSettings = {
				BUNDLE_LOADER = "$(TEST_HOST)";
				INFOPLIST_FILE = AutoLayoutTableViewTestTests/Info.plist;
				LD_RUNPATH_SEARCH_PATHS = "$(inherited) @executable_path/Frameworks @loader_path/Frameworks";
				PRODUCT_BUNDLE_IDENTIFIER = marcelosantos.AutoLayoutTableViewTestTests;
				PRODUCT_NAME = "$(TARGET_NAME)";
				TEST_HOST = "$(BUILT_PRODUCTS_DIR)/AutoLayoutTableViewTest.app/AutoLayoutTableViewTest";
			};
			name = Release;
		};
		9CB267D41D60DD3F005B56E1 /* Debug */ = {
			isa = XCBuildConfiguration;
			buildSettings = {
				INFOPLIST_FILE = AutoLayoutTableViewTestUITests/Info.plist;
				LD_RUNPATH_SEARCH_PATHS = "$(inherited) @executable_path/Frameworks @loader_path/Frameworks";
				PRODUCT_BUNDLE_IDENTIFIER = marcelosantos.AutoLayoutTableViewTestUITests;
				PRODUCT_NAME = "$(TARGET_NAME)";
				TEST_TARGET_NAME = AutoLayoutTableViewTest;
			};
			name = Debug;
		};
		9CB267D51D60DD3F005B56E1 /* Release */ = {
			isa = XCBuildConfiguration;
			buildSettings = {
				INFOPLIST_FILE = AutoLayoutTableViewTestUITests/Info.plist;
				LD_RUNPATH_SEARCH_PATHS = "$(inherited) @executable_path/Frameworks @loader_path/Frameworks";
				PRODUCT_BUNDLE_IDENTIFIER = marcelosantos.AutoLayoutTableViewTestUITests;
				PRODUCT_NAME = "$(TARGET_NAME)";
				TEST_TARGET_NAME = AutoLayoutTableViewTest;
			};
			name = Release;
		};
/* End XCBuildConfiguration section */

/* Begin XCConfigurationList section */
		9CB267A01D60DD3D005B56E1 /* Build configuration list for PBXProject "AutoLayoutTableViewTest" */ = {
			isa = XCConfigurationList;
			buildConfigurations = (
				9CB267CB1D60DD3F005B56E1 /* Debug */,
				9CB267CC1D60DD3F005B56E1 /* Release */,
			);
			defaultConfigurationIsVisible = 0;
			defaultConfigurationName = Release;
		};
		9CB267CD1D60DD3F005B56E1 /* Build configuration list for PBXNativeTarget "AutoLayoutTableViewTest" */ = {
			isa = XCConfigurationList;
			buildConfigurations = (
				9CB267CE1D60DD3F005B56E1 /* Debug */,
				9CB267CF1D60DD3F005B56E1 /* Release */,
			);
			defaultConfigurationIsVisible = 0;
		};
		9CB267D01D60DD3F005B56E1 /* Build configuration list for PBXNativeTarget "AutoLayoutTableViewTestTests" */ = {
			isa = XCConfigurationList;
			buildConfigurations = (
				9CB267D11D60DD3F005B56E1 /* Debug */,
				9CB267D21D60DD3F005B56E1 /* Release */,
			);
			defaultConfigurationIsVisible = 0;
		};
		9CB267D31D60DD3F005B56E1 /* Build configuration list for PBXNativeTarget "AutoLayoutTableViewTestUITests" */ = {
			isa = XCConfigurationList;
			buildConfigurations = (
				9CB267D41D60DD3F005B56E1 /* Debug */,
				9CB267D51D60DD3F005B56E1 /* Release */,
			);
			defaultConfigurationIsVisible = 0;
		};
/* End XCConfigurationList section */
	};
	rootObject = 9CB2679D1D60DD3D005B56E1 /* Project object */;
}
